
Microsoft Visual Studio Solution File, Format Version 12.00
# Visual Studio Version 16
VisualStudioVersion = 16.0.28922.388
MinimumVisualStudioVersion = 10.0.40219.1
Project("{8BC9CEB8-8B4A-11D0-8D11-00A0C91BC942}") = "windows", "src\windows.vcxproj", "{5B5A17F1-4312-4A64-A796-2818CE0906B4}"
	ProjectSection(ProjectDependencies) = postProject
		{6B1B43B7-CFD6-43A3-ABB7-5557466B55CD} = {6B1B43B7-CFD6-43A3-ABB7-5557466B55CD}
		{3F7B8BC6-FA0C-4E08-8F7E-D6CD97E7581B} = {3F7B8BC6-FA0C-4E08-8F7E-D6CD97E7581B}
	EndProjectSection
EndProject
Project("{2150E333-8FDC-42A3-9474-1A3956D46DE8}") = "Solution Items", "Solution Items", "{BC723F63-F0D7-4CC4-8789-D6A7DD8AA6E1}"
	ProjectSection(SolutionItems) = preProject
		Android.mk = Android.mk
		Application.mk = Application.mk
		LICENSE = LICENSE
		msbuild.proj = msbuild.proj
		README.md = README.md
	EndProjectSection
EndProject
Project("{2150E333-8FDC-42A3-9474-1A3956D46DE8}") = "pvr.rtlradio", "pvr.rtlradio", "{ADB6AA8A-8216-4963-8E01-B8439B5C3FAF}"
	ProjectSection(SolutionItems) = preProject
		pvr.rtlradio\changelog.txt = pvr.rtlradio\changelog.txt
	EndProjectSection
EndProject
Project("{2150E333-8FDC-42A3-9474-1A3956D46DE8}") = "resources", "resources", "{AE3C3D3D-5525-4E65-9944-3CFF8718778F}"
	ProjectSection(SolutionItems) = preProject
		pvr.rtlradio\resources\icon.png = pvr.rtlradio\resources\icon.png
		pvr.rtlradio\resources\settings.xml = pvr.rtlradio\resources\settings.xml
	EndProjectSection
EndProject
Project("{2150E333-8FDC-42A3-9474-1A3956D46DE8}") = "language", "language", "{AB93AD67-82B8-4012-9299-C301D583CAE2}"
EndProject
Project("{2150E333-8FDC-42A3-9474-1A3956D46DE8}") = "resource.language.en_gb", "resource.language.en_gb", "{A32210DB-B4C6-410C-8B9D-5B4BE3CA5A2E}"
	ProjectSection(SolutionItems) = preProject
		pvr.rtlradio\resources\language\resource.language.en_gb\strings.po = pvr.rtlradio\resources\language\resource.language.en_gb\strings.po
	EndProjectSection
EndProject
Project("{8BC9CEB8-8B4A-11D0-8D11-00A0C91BC942}") = "version", "src\version.vcxproj", "{3F7B8BC6-FA0C-4E08-8F7E-D6CD97E7581B}"
EndProject
Project("{2150E333-8FDC-42A3-9474-1A3956D46DE8}") = "manifest", "manifest", "{03E257C2-B115-4D59-AB37-DB0AD52F5366}"
	ProjectSection(SolutionItems) = preProject
		manifest\android-aarch64-tools.manifest = manifest\android-aarch64-tools.manifest
		manifest\android-aarch64.manifest = manifest\android-aarch64.manifest
		manifest\android-arm-tools.manifest = manifest\android-arm-tools.manifest
		manifest\android-arm.manifest = manifest\android-arm.manifest
		manifest\android-x86-tools.manifest = manifest\android-x86-tools.manifest
		manifest\android-x86.manifest = manifest\android-x86.manifest
		manifest\linux-aarch64-tools.manifest = manifest\linux-aarch64-tools.manifest
		manifest\linux-aarch64.manifest = manifest\linux-aarch64.manifest
		manifest\linux-armel-tools.manifest = manifest\linux-armel-tools.manifest
		manifest\linux-armel.manifest = manifest\linux-armel.manifest
		manifest\linux-armhf-tools.manifest = manifest\linux-armhf-tools.manifest
		manifest\linux-armhf.manifest = manifest\linux-armhf.manifest
		manifest\linux-i686-tools.manifest = manifest\linux-i686-tools.manifest
		manifest\linux-i686.manifest = manifest\linux-i686.manifest
		manifest\linux-x86_64-tools.manifest = manifest\linux-x86_64-tools.manifest
		manifest\linux-x86_64.manifest = manifest\linux-x86_64.manifest
		manifest\osx-x86_64-tools.manifest = manifest\osx-x86_64-tools.manifest
		manifest\osx-x86_64.manifest = manifest\osx-x86_64.manifest
		manifest\windows-win32-tools.manifest = manifest\windows-win32-tools.manifest
		manifest\windows-win32.manifest = manifest\windows-win32.manifest
		manifest\windows-x64-tools.manifest = manifest\windows-x64-tools.manifest
		manifest\windows-x64.manifest = manifest\windows-x64.manifest
	EndProjectSection
EndProject
Project("{2150E333-8FDC-42A3-9474-1A3956D46DE8}") = "exportlist", "exportlist", "{4702CBFF-0944-4364-BC2D-D7E3670681BC}"
	ProjectSection(SolutionItems) = preProject
		exportlist\exportlist.android = exportlist\exportlist.android
		exportlist\exportlist.linux = exportlist\exportlist.linux
		exportlist\exportlist.osx = exportlist\exportlist.osx
		exportlist\exportlist.windows = exportlist\exportlist.windows
	EndProjectSection
EndProject
Project("{2150E333-8FDC-42A3-9474-1A3956D46DE8}") = "template", "template", "{4415EE2A-E557-49D4-973C-37C7278828CC}"
	ProjectSection(SolutionItems) = preProject
		template\addon.xml.tt = template\addon.xml.tt
		template\addons.xml.tt = template\addons.xml.tt
	EndProjectSection
EndProject
Project("{8BC9CEB8-8B4A-11D0-8D11-00A0C91BC942}") = "rtl_test", "src\rtl_test.vcxproj", "{19BD98F9-DD76-49FB-910F-79F97C6BB646}"
EndProject
Project("{8BC9CEB8-8B4A-11D0-8D11-00A0C91BC942}") = "rtl_sdr", "src\rtl_sdr.vcxproj", "{F616BA5E-F7BF-48E7-B907-BB68863FC8AC}"
EndProject
Project("{8BC9CEB8-8B4A-11D0-8D11-00A0C91BC942}") = "rtl_power", "src\rtl_power.vcxproj", "{A2D671A7-80F6-4B10-B353-D3E36C3D0AF0}"
EndProject
Project("{8BC9CEB8-8B4A-11D0-8D11-00A0C91BC942}") = "rtl_tcp", "src\rtl_tcp.vcxproj", "{D7D45A72-202E-470A-8020-1826DFF174E9}"
EndProject
Project("{8BC9CEB8-8B4A-11D0-8D11-00A0C91BC942}") = "rtl_fm", "src\rtl_fm.vcxproj", "{F4C823BE-374B-484B-B7A0-4898A5FC6FE0}"
EndProject
Project("{8BC9CEB8-8B4A-11D0-8D11-00A0C91BC942}") = "rtl_eeprom", "src\rtl_eeprom.vcxproj", "{EB2B389B-770C-49AC-8122-A1630AE1EF3B}"
EndProject
Project("{8BC9CEB8-8B4A-11D0-8D11-00A0C91BC942}") = "rtl_adsb", "src\rtl_adsb.vcxproj", "{0702FDF8-DB5B-43B3-96B0-E0AC2EEF8170}"
EndProject
Project("{8BC9CEB8-8B4A-11D0-8D11-00A0C91BC942}") = "sqlite3", "src\sqlite3.vcxproj", "{FB973A22-FC5B-437A-8EA0-B4F1397A0E13}"
EndProject
Project("{2150E333-8FDC-42A3-9474-1A3956D46DE8}") = "skins", "skins", "{14685018-1D53-45C5-BCF5-D9D2074AB355}"
EndProject
Project("{2150E333-8FDC-42A3-9474-1A3956D46DE8}") = "skin.estuary", "skin.estuary", "{6B20BC22-7114-4DC6-BC1A-203C9078F5E5}"
EndProject
Project("{2150E333-8FDC-42A3-9474-1A3956D46DE8}") = "xml", "xml", "{880E452A-4A32-4A49-A911-183912652C33}"
	ProjectSection(SolutionItems) = preProject
		pvr.rtlradio\resources\skins\skin.estuary\xml\channelsettings.xml = pvr.rtlradio\resources\skins\skin.estuary\xml\channelsettings.xml
	EndProjectSection
EndProject
Project("{8BC9CEB8-8B4A-11D0-8D11-00A0C91BC942}") = "rtl_biast", "src\rtl_biast.vcxproj", "{F36BC675-E8EC-4A56-8350-3A666B0AA870}"
EndProject
Project("{8BC9CEB8-8B4A-11D0-8D11-00A0C91BC942}") = "angle", "src\angle.vcxproj", "{6B1B43B7-CFD6-43A3-ABB7-5557466B55CD}"
EndProject
Global
	GlobalSection(SolutionConfigurationPlatforms) = preSolution
		Debug|Win32 = Debug|Win32
		Debug|x64 = Debug|x64
		Release|Win32 = Release|Win32
		Release|x64 = Release|x64
	EndGlobalSection
	GlobalSection(ProjectConfigurationPlatforms) = postSolution
		{5B5A17F1-4312-4A64-A796-2818CE0906B4}.Debug|Win32.ActiveCfg = Debug|Win32
		{5B5A17F1-4312-4A64-A796-2818CE0906B4}.Debug|Win32.Build.0 = Debug|Win32
		{5B5A17F1-4312-4A64-A796-2818CE0906B4}.Debug|x64.ActiveCfg = Debug|x64
		{5B5A17F1-4312-4A64-A796-2818CE0906B4}.Debug|x64.Build.0 = Debug|x64
		{5B5A17F1-4312-4A64-A796-2818CE0906B4}.Release|Win32.ActiveCfg = Release|Win32
		{5B5A17F1-4312-4A64-A796-2818CE0906B4}.Release|Win32.Build.0 = Release|Win32
		{5B5A17F1-4312-4A64-A796-2818CE0906B4}.Release|x64.ActiveCfg = Release|x64
		{5B5A17F1-4312-4A64-A796-2818CE0906B4}.Release|x64.Build.0 = Release|x64
		{3F7B8BC6-FA0C-4E08-8F7E-D6CD97E7581B}.Debug|Win32.ActiveCfg = Debug|Win32
		{3F7B8BC6-FA0C-4E08-8F7E-D6CD97E7581B}.Debug|Win32.Build.0 = Debug|Win32
		{3F7B8BC6-FA0C-4E08-8F7E-D6CD97E7581B}.Debug|x64.ActiveCfg = Debug|Win32
		{3F7B8BC6-FA0C-4E08-8F7E-D6CD97E7581B}.Debug|x64.Build.0 = Debug|Win32
		{3F7B8BC6-FA0C-4E08-8F7E-D6CD97E7581B}.Release|Win32.ActiveCfg = Release|Win32
		{3F7B8BC6-FA0C-4E08-8F7E-D6CD97E7581B}.Release|Win32.Build.0 = Release|Win32
		{3F7B8BC6-FA0C-4E08-8F7E-D6CD97E7581B}.Release|x64.ActiveCfg = Release|Win32
		{3F7B8BC6-FA0C-4E08-8F7E-D6CD97E7581B}.Release|x64.Build.0 = Release|Win32
		{19BD98F9-DD76-49FB-910F-79F97C6BB646}.Debug|Win32.ActiveCfg = Debug|Win32
		{19BD98F9-DD76-49FB-910F-79F97C6BB646}.Debug|Win32.Build.0 = Debug|Win32
		{19BD98F9-DD76-49FB-910F-79F97C6BB646}.Debug|x64.ActiveCfg = Debug|x64
		{19BD98F9-DD76-49FB-910F-79F97C6BB646}.Debug|x64.Build.0 = Debug|x64
		{19BD98F9-DD76-49FB-910F-79F97C6BB646}.Release|Win32.ActiveCfg = Release|Win32
		{19BD98F9-DD76-49FB-910F-79F97C6BB646}.Release|Win32.Build.0 = Release|Win32
		{19BD98F9-DD76-49FB-910F-79F97C6BB646}.Release|x64.ActiveCfg = Release|x64
		{19BD98F9-DD76-49FB-910F-79F97C6BB646}.Release|x64.Build.0 = Release|x64
		{F616BA5E-F7BF-48E7-B907-BB68863FC8AC}.Debug|Win32.ActiveCfg = Debug|Win32
		{F616BA5E-F7BF-48E7-B907-BB68863FC8AC}.Debug|Win32.Build.0 = Debug|Win32
		{F616BA5E-F7BF-48E7-B907-BB68863FC8AC}.Debug|x64.ActiveCfg = Debug|x64
		{F616BA5E-F7BF-48E7-B907-BB68863FC8AC}.Debug|x64.Build.0 = Debug|x64
		{F616BA5E-F7BF-48E7-B907-BB68863FC8AC}.Release|Win32.ActiveCfg = Release|Win32
		{F616BA5E-F7BF-48E7-B907-BB68863FC8AC}.Release|Win32.Build.0 = Release|Win32
		{F616BA5E-F7BF-48E7-B907-BB68863FC8AC}.Release|x64.ActiveCfg = Release|x64
		{F616BA5E-F7BF-48E7-B907-BB68863FC8AC}.Release|x64.Build.0 = Release|x64
		{A2D671A7-80F6-4B10-B353-D3E36C3D0AF0}.Debug|Win32.ActiveCfg = Debug|Win32
		{A2D671A7-80F6-4B10-B353-D3E36C3D0AF0}.Debug|Win32.Build.0 = Debug|Win32
		{A2D671A7-80F6-4B10-B353-D3E36C3D0AF0}.Debug|x64.ActiveCfg = Debug|x64
		{A2D671A7-80F6-4B10-B353-D3E36C3D0AF0}.Debug|x64.Build.0 = Debug|x64
		{A2D671A7-80F6-4B10-B353-D3E36C3D0AF0}.Release|Win32.ActiveCfg = Release|Win32
		{A2D671A7-80F6-4B10-B353-D3E36C3D0AF0}.Release|Win32.Build.0 = Release|Win32
		{A2D671A7-80F6-4B10-B353-D3E36C3D0AF0}.Release|x64.ActiveCfg = Release|x64
		{A2D671A7-80F6-4B10-B353-D3E36C3D0AF0}.Release|x64.Build.0 = Release|x64
		{D7D45A72-202E-470A-8020-1826DFF174E9}.Debug|Win32.ActiveCfg = Debug|Win32
		{D7D45A72-202E-470A-8020-1826DFF174E9}.Debug|Win32.Build.0 = Debug|Win32
		{D7D45A72-202E-470A-8020-1826DFF174E9}.Debug|x64.ActiveCfg = Debug|x64
		{D7D45A72-202E-470A-8020-1826DFF174E9}.Debug|x64.Build.0 = Debug|x64
		{D7D45A72-202E-470A-8020-1826DFF174E9}.Release|Win32.ActiveCfg = Release|Win32
		{D7D45A72-202E-470A-8020-1826DFF174E9}.Release|Win32.Build.0 = Release|Win32
		{D7D45A72-202E-470A-8020-1826DFF174E9}.Release|x64.ActiveCfg = Release|x64
		{D7D45A72-202E-470A-8020-1826DFF174E9}.Release|x64.Build.0 = Release|x64
		{F4C823BE-374B-484B-B7A0-4898A5FC6FE0}.Debug|Win32.ActiveCfg = Debug|Win32
		{F4C823BE-374B-484B-B7A0-4898A5FC6FE0}.Debug|Win32.Build.0 = Debug|Win32
		{F4C823BE-374B-484B-B7A0-4898A5FC6FE0}.Debug|x64.ActiveCfg = Debug|x64
		{F4C823BE-374B-484B-B7A0-4898A5FC6FE0}.Debug|x64.Build.0 = Debug|x64
		{F4C823BE-374B-484B-B7A0-4898A5FC6FE0}.Release|Win32.ActiveCfg = Release|Win32
		{F4C823BE-374B-484B-B7A0-4898A5FC6FE0}.Release|Win32.Build.0 = Release|Win32
		{F4C823BE-374B-484B-B7A0-4898A5FC6FE0}.Release|x64.ActiveCfg = Release|x64
		{F4C823BE-374B-484B-B7A0-4898A5FC6FE0}.Release|x64.Build.0 = Release|x64
		{EB2B389B-770C-49AC-8122-A1630AE1EF3B}.Debug|Win32.ActiveCfg = Debug|Win32
		{EB2B389B-770C-49AC-8122-A1630AE1EF3B}.Debug|Win32.Build.0 = Debug|Win32
		{EB2B389B-770C-49AC-8122-A1630AE1EF3B}.Debug|x64.ActiveCfg = Debug|x64
		{EB2B389B-770C-49AC-8122-A1630AE1EF3B}.Debug|x64.Build.0 = Debug|x64
		{EB2B389B-770C-49AC-8122-A1630AE1EF3B}.Release|Win32.ActiveCfg = Release|Win32
		{EB2B389B-770C-49AC-8122-A1630AE1EF3B}.Release|Win32.Build.0 = Release|Win32
		{EB2B389B-770C-49AC-8122-A1630AE1EF3B}.Release|x64.ActiveCfg = Release|x64
		{EB2B389B-770C-49AC-8122-A1630AE1EF3B}.Release|x64.Build.0 = Release|x64
		{0702FDF8-DB5B-43B3-96B0-E0AC2EEF8170}.Debug|Win32.ActiveCfg = Debug|Win32
		{0702FDF8-DB5B-43B3-96B0-E0AC2EEF8170}.Debug|Win32.Build.0 = Debug|Win32
		{0702FDF8-DB5B-43B3-96B0-E0AC2EEF8170}.Debug|x64.ActiveCfg = Debug|x64
		{0702FDF8-DB5B-43B3-96B0-E0AC2EEF8170}.Debug|x64.Build.0 = Debug|x64
		{0702FDF8-DB5B-43B3-96B0-E0AC2EEF8170}.Release|Win32.ActiveCfg = Release|Win32
		{0702FDF8-DB5B-43B3-96B0-E0AC2EEF8170}.Release|Win32.Build.0 = Release|Win32
		{0702FDF8-DB5B-43B3-96B0-E0AC2EEF8170}.Release|x64.ActiveCfg = Release|x64
		{0702FDF8-DB5B-43B3-96B0-E0AC2EEF8170}.Release|x64.Build.0 = Release|x64
		{FB973A22-FC5B-437A-8EA0-B4F1397A0E13}.Debug|Win32.ActiveCfg = Debug|Win32
		{FB973A22-FC5B-437A-8EA0-B4F1397A0E13}.Debug|Win32.Build.0 = Debug|Win32
		{FB973A22-FC5B-437A-8EA0-B4F1397A0E13}.Debug|x64.ActiveCfg = Debug|x64
		{FB973A22-FC5B-437A-8EA0-B4F1397A0E13}.Debug|x64.Build.0 = Debug|x64
		{FB973A22-FC5B-437A-8EA0-B4F1397A0E13}.Release|Win32.ActiveCfg = Release|Win32
		{FB973A22-FC5B-437A-8EA0-B4F1397A0E13}.Release|Win32.Build.0 = Release|Win32
		{FB973A22-FC5B-437A-8EA0-B4F1397A0E13}.Release|x64.ActiveCfg = Release|x64
		{FB973A22-FC5B-437A-8EA0-B4F1397A0E13}.Release|x64.Build.0 = Release|x64
		{F36BC675-E8EC-4A56-8350-3A666B0AA870}.Debug|Win32.ActiveCfg = Debug|Win32
		{F36BC675-E8EC-4A56-8350-3A666B0AA870}.Debug|Win32.Build.0 = Debug|Win32
		{F36BC675-E8EC-4A56-8350-3A666B0AA870}.Debug|x64.ActiveCfg = Debug|x64
		{F36BC675-E8EC-4A56-8350-3A666B0AA870}.Debug|x64.Build.0 = Debug|x64
		{F36BC675-E8EC-4A56-8350-3A666B0AA870}.Release|Win32.ActiveCfg = Release|Win32
		{F36BC675-E8EC-4A56-8350-3A666B0AA870}.Release|Win32.Build.0 = Release|Win32
		{F36BC675-E8EC-4A56-8350-3A666B0AA870}.Release|x64.ActiveCfg = Release|x64
		{F36BC675-E8EC-4A56-8350-3A666B0AA870}.Release|x64.Build.0 = Release|x64
		{6B1B43B7-CFD6-43A3-ABB7-5557466B55CD}.Debug|Win32.ActiveCfg = Debug|Win32
		{6B1B43B7-CFD6-43A3-ABB7-5557466B55CD}.Debug|Win32.Build.0 = Debug|Win32
		{6B1B43B7-CFD6-43A3-ABB7-5557466B55CD}.Debug|x64.ActiveCfg = Debug|x64
		{6B1B43B7-CFD6-43A3-ABB7-5557466B55CD}.Debug|x64.Build.0 = Debug|x64
		{6B1B43B7-CFD6-43A3-ABB7-5557466B55CD}.Release|Win32.ActiveCfg = Release|Win32
		{6B1B43B7-CFD6-43A3-ABB7-5557466B55CD}.Release|Win32.Build.0 = Release|Win32
		{6B1B43B7-CFD6-43A3-ABB7-5557466B55CD}.Release|x64.ActiveCfg = Release|x64
		{6B1B43B7-CFD6-43A3-ABB7-5557466B55CD}.Release|x64.Build.0 = Release|x64
	EndGlobalSection
	GlobalSection(SolutionProperties) = preSolution
		HideSolutionNode = FALSE
	EndGlobalSection
	GlobalSection(NestedProjects) = preSolution
		{ADB6AA8A-8216-4963-8E01-B8439B5C3FAF} = {BC723F63-F0D7-4CC4-8789-D6A7DD8AA6E1}
		{AE3C3D3D-5525-4E65-9944-3CFF8718778F} = {ADB6AA8A-8216-4963-8E01-B8439B5C3FAF}
		{AB93AD67-82B8-4012-9299-C301D583CAE2} = {AE3C3D3D-5525-4E65-9944-3CFF8718778F}
		{A32210DB-B4C6-410C-8B9D-5B4BE3CA5A2E} = {AB93AD67-82B8-4012-9299-C301D583CAE2}
		{03E257C2-B115-4D59-AB37-DB0AD52F5366} = {BC723F63-F0D7-4CC4-8789-D6A7DD8AA6E1}
		{4702CBFF-0944-4364-BC2D-D7E3670681BC} = {BC723F63-F0D7-4CC4-8789-D6A7DD8AA6E1}
		{4415EE2A-E557-49D4-973C-37C7278828CC} = {BC723F63-F0D7-4CC4-8789-D6A7DD8AA6E1}
		{14685018-1D53-45C5-BCF5-D9D2074AB355} = {AE3C3D3D-5525-4E65-9944-3CFF8718778F}
		{6B20BC22-7114-4DC6-BC1A-203C9078F5E5} = {14685018-1D53-45C5-BCF5-D9D2074AB355}
		{880E452A-4A32-4A49-A911-183912652C33} = {6B20BC22-7114-4DC6-BC1A-203C9078F5E5}
	EndGlobalSection
	GlobalSection(ExtensibilityGlobals) = postSolution
		SolutionGuid = {CDFD4BDC-0976-4BCA-B61E-33B151C24682}
	EndGlobalSection
EndGlobal
