<?xml version="1.0" encoding="utf-8"?>
<Project ToolsVersion="4.0" xmlns="http://schemas.microsoft.com/developer/msbuild/2003">
  <ItemGroup>
    <Filter Include="Source Files">
      <UniqueIdentifier>{4FC737F1-C7A5-4376-A066-2A32D752A2FF}</UniqueIdentifier>
      <Extensions>cpp;c;cc;cxx;def;odl;idl;hpj;bat;asm;asmx</Extensions>
    </Filter>
    <Filter Include="Header Files">
      <UniqueIdentifier>{93995380-89BD-4b04-88EB-625FBE52EBFB}</UniqueIdentifier>
      <Extensions>h;hh;hpp;hxx;hm;inl;inc;xsd</Extensions>
    </Filter>
    <Filter Include="Resource Files">
      <UniqueIdentifier>{67DA6AB6-F800-4c08-8B7A-83BB121AAD01}</UniqueIdentifier>
      <Extensions>rc;ico;cur;bmp;dlg;rc2;rct;bin;rgs;gif;jpg;jpeg;jpe;resx;tiff;tif;png;wav;mfcribbon-ms</Extensions>
    </Filter>
    <Filter Include="External Libraries">
      <UniqueIdentifier>{eb0262dd-4497-479f-81a3-67548f7bddf8}</UniqueIdentifier>
    </Filter>
    <Filter Include="External Libraries\libusb">
      <UniqueIdentifier>{e5313abb-fae4-4135-85ae-37f1f1defff5}</UniqueIdentifier>
    </Filter>
    <Filter Include="External Libraries\libusb\Header Files">
      <UniqueIdentifier>{aacae194-b490-432a-aa2e-6fffa58b24b7}</UniqueIdentifier>
      <Extensions>h;hh;hpp;hxx;hm;inl;inc;xsd</Extensions>
    </Filter>
    <Filter Include="External Libraries\libusb\Source Files">
      <UniqueIdentifier>{7aaa38df-7bdf-4576-9a05-dd50ee10a8b2}</UniqueIdentifier>
      <Extensions>cpp;c;cc;cxx;def;odl;idl;hpj;bat;asm;asmx</Extensions>
    </Filter>
    <Filter Include="External Libraries\libusb\Source Files\os">
      <UniqueIdentifier>{5f832204-7d85-4e26-83cf-fc45833bf513}</UniqueIdentifier>
    </Filter>
    <Filter Include="External Libraries\libusb\Header Files\os">
      <UniqueIdentifier>{782e59d7-42d7-4ba0-9fb8-405ada4c7e57}</UniqueIdentifier>
    </Filter>
    <Filter Include="External Libraries\rtl-sdr">
      <UniqueIdentifier>{60447c8d-d10b-4c79-ac30-45d55fdfd3a0}</UniqueIdentifier>
    </Filter>
    <Filter Include="External Libraries\rtl-sdr\Header Files">
      <UniqueIdentifier>{19f6cf9e-899a-459e-9960-7fddb823192d}</UniqueIdentifier>
      <Extensions>h;hh;hpp;hxx;hm;inl;inc;xsd</Extensions>
    </Filter>
    <Filter Include="External Libraries\rtl-sdr\Source Files">
      <UniqueIdentifier>{98748055-eaa8-490c-bfd9-0a3e3ef969c8}</UniqueIdentifier>
      <Extensions>cpp;c;cc;cxx;def;odl;idl;hpj;bat;asm;asmx</Extensions>
    </Filter>
    <Filter Include="Source Files\fmdsp">
      <UniqueIdentifier>{80025ac2-f586-42d0-b4d2-0cb43c338e2b}</UniqueIdentifier>
    </Filter>
    <Filter Include="Header Files\fmdsp">
      <UniqueIdentifier>{17379ab4-8fe3-4d04-a8e1-d3f3535ac13f}</UniqueIdentifier>
    </Filter>
    <Filter Include="Header Files\compat">
      <UniqueIdentifier>{f9548fb9-c133-4c83-850c-1b366fa2a60c}</UniqueIdentifier>
    </Filter>
    <Filter Include="External Libraries\sqlite">
      <UniqueIdentifier>{29bd4bed-fde7-459e-b947-cc362aba16c4}</UniqueIdentifier>
    </Filter>
    <Filter Include="External Libraries\sqlite\Header Files">
      <UniqueIdentifier>{90a025e2-bacf-4942-89bd-431a24af5d65}</UniqueIdentifier>
      <Extensions>h;hh;hpp;hxx;hm;inl;inc;xsd</Extensions>
    </Filter>
    <Filter Include="External Libraries\sqlite\Source Files">
      <UniqueIdentifier>{aaeb06b2-3a1d-49f0-aeaf-4e5f4dd55457}</UniqueIdentifier>
      <Extensions>cpp;c;cc;cxx;def;odl;idl;hpj;bat;asm;asmx</Extensions>
    </Filter>
    <Filter Include="External Libraries\fftw">
      <UniqueIdentifier>{062e2505-825e-4ec1-9550-8004edfa946c}</UniqueIdentifier>
    </Filter>
    <Filter Include="External Libraries\fftw\Binary Files">
      <UniqueIdentifier>{13108b92-803c-4707-8433-621c86f914d6}</UniqueIdentifier>
    </Filter>
    <Filter Include="External Libraries\fftw\Binary Files\Win32">
      <UniqueIdentifier>{2ca10679-fa95-4c43-9283-c4924690c48a}</UniqueIdentifier>
    </Filter>
    <Filter Include="External Libraries\fftw\Binary Files\x64">
      <UniqueIdentifier>{9e159de7-d903-40dc-90e7-811b2f4448d1}</UniqueIdentifier>
    </Filter>
    <Filter Include="Header Files\hddsp">
      <UniqueIdentifier>{6603f615-8c12-4066-8283-064368642231}</UniqueIdentifier>
    </Filter>
    <Filter Include="Source Files\hddsp">
      <UniqueIdentifier>{c531a1b7-c9d9-4544-88f7-d7c4fb951ae7}</UniqueIdentifier>
    </Filter>
    <Filter Include="External Libraries\faad2-hdc">
      <UniqueIdentifier>{c20817e9-0d9a-4a94-b36d-778d77d8f7c9}</UniqueIdentifier>
    </Filter>
    <Filter Include="External Libraries\faad2-hdc\Header Files">
      <UniqueIdentifier>{f39c196a-c490-4f67-a39c-e0dadc0fa3d1}</UniqueIdentifier>
      <Extensions>h;hh;hpp;hxx;hm;inl;inc;xsd</Extensions>
    </Filter>
    <Filter Include="External Libraries\faad2-hdc\Source Files">
      <UniqueIdentifier>{d7b18983-a9f4-440f-ab5e-4424d332f530}</UniqueIdentifier>
      <Extensions>cpp;c;cc;cxx;def;odl;idl;hpj;bat;asm;asmx</Extensions>
    </Filter>
    <Filter Include="External Libraries\faad2-hdc\Header Files\codebook">
      <UniqueIdentifier>{44a1e4fc-06f6-4581-89ed-09714ceaf548}</UniqueIdentifier>
    </Filter>
    <Filter Include="External Libraries\faad2-hdc\Header Files\compat">
      <UniqueIdentifier>{358b29bb-ec27-470c-b9f5-b36c067d4dd7}</UniqueIdentifier>
    </Filter>
    <Filter Include="External Libraries\faad2-hdc\Header Files\compat\faad2-hdc">
      <UniqueIdentifier>{0a0b9431-e302-461d-910b-590fa69c8c5b}</UniqueIdentifier>
    </Filter>
    <Filter Include="Source Files\compat">
      <UniqueIdentifier>{c72051bd-77e6-4fbe-a07a-b23b94628d39}</UniqueIdentifier>
    </Filter>
    <Filter Include="Source Files\compat\bionic">
      <UniqueIdentifier>{583fe5f9-9b7e-414b-8d29-daa8f6222f62}</UniqueIdentifier>
    </Filter>
    <Filter Include="Header Files\dabdsp">
      <UniqueIdentifier>{53275165-3ad6-4707-bd9a-ff0ff28dcb2b}</UniqueIdentifier>
    </Filter>
    <Filter Include="Source Files\dabdsp">
      <UniqueIdentifier>{75698c94-46bf-4b25-bdcf-b16d9fadf90d}</UniqueIdentifier>
    </Filter>
  </ItemGroup>
  <ItemGroup>
    <ClInclude Include="stdafx.h">
      <Filter>Header Files</Filter>
    </ClInclude>
    <ClInclude Include="string_exception.h">
      <Filter>Header Files</Filter>
    </ClInclude>
    <ClInclude Include="..\tmp\version\version.h">
      <Filter>Header Files</Filter>
    </ClInclude>
    <ClInclude Include="..\depends\libusb\src\msvc\config.h">
      <Filter>External Libraries\libusb\Header Files</Filter>
    </ClInclude>
    <ClInclude Include="..\depends\libusb\src\libusb\libusb.h">
      <Filter>External Libraries\libusb\Header Files</Filter>
    </ClInclude>
    <ClInclude Include="..\depends\libusb\src\libusb\libusbi.h">
      <Filter>External Libraries\libusb\Header Files</Filter>
    </ClInclude>
    <ClInclude Include="..\depends\libusb\src\libusb\version.h">
      <Filter>External Libraries\libusb\Header Files</Filter>
    </ClInclude>
    <ClInclude Include="..\depends\libusb\src\libusb\version_nano.h">
      <Filter>External Libraries\libusb\Header Files</Filter>
    </ClInclude>
    <ClInclude Include="..\depends\libusb\src\libusb\os\threads_windows.h">
      <Filter>External Libraries\libusb\Header Files\os</Filter>
    </ClInclude>
    <ClInclude Include="..\depends\libusb\src\libusb\os\windows_common.h">
      <Filter>External Libraries\libusb\Header Files\os</Filter>
    </ClInclude>
    <ClInclude Include="..\depends\libusb\src\libusb\os\windows_usbdk.h">
      <Filter>External Libraries\libusb\Header Files\os</Filter>
    </ClInclude>
    <ClInclude Include="..\depends\libusb\src\libusb\os\windows_winusb.h">
      <Filter>External Libraries\libusb\Header Files\os</Filter>
    </ClInclude>
    <ClInclude Include="..\depends\rtl-sdr\include\rtl-sdr.h">
      <Filter>External Libraries\rtl-sdr\Header Files</Filter>
    </ClInclude>
    <ClInclude Include="rtldevice.h">
      <Filter>Header Files</Filter>
    </ClInclude>
    <ClInclude Include="libusb_exception.h">
      <Filter>Header Files</Filter>
    </ClInclude>
    <ClInclude Include="fmstream.h">
      <Filter>Header Files</Filter>
    </ClInclude>
    <ClInclude Include="pvrstream.h">
      <Filter>Header Files</Filter>
    </ClInclude>
    <ClInclude Include="scalar_condition.h">
      <Filter>Header Files</Filter>
    </ClInclude>
    <ClInclude Include="align.h">
      <Filter>Header Files</Filter>
    </ClInclude>
    <ClInclude Include="fmdsp\demodulator.h">
      <Filter>Header Files\fmdsp</Filter>
    </ClInclude>
    <ClInclude Include="fmdsp\fractresampler.h">
      <Filter>Header Files\fmdsp</Filter>
    </ClInclude>
    <ClInclude Include="fmdsp\downconvert.h">
      <Filter>Header Files\fmdsp</Filter>
    </ClInclude>
    <ClInclude Include="fmdsp\datatypes.h">
      <Filter>Header Files\fmdsp</Filter>
    </ClInclude>
    <ClInclude Include="fmdsp\fir.h">
      <Filter>Header Files\fmdsp</Filter>
    </ClInclude>
    <ClInclude Include="fmdsp\filtercoef.h">
      <Filter>Header Files\fmdsp</Filter>
    </ClInclude>
    <ClInclude Include="fmdsp\iir.h">
      <Filter>Header Files\fmdsp</Filter>
    </ClInclude>
    <ClInclude Include="fmdsp\rbdsconstants.h">
      <Filter>Header Files\fmdsp</Filter>
    </ClInclude>
    <ClInclude Include="fmdsp\wfmdemod.h">
      <Filter>Header Files\fmdsp</Filter>
    </ClInclude>
    <ClInclude Include="rdsdecoder.h">
      <Filter>Header Files</Filter>
    </ClInclude>
    <ClInclude Include="uecp.h">
      <Filter>Header Files</Filter>
    </ClInclude>
    <ClInclude Include="props.h">
      <Filter>Header Files</Filter>
    </ClInclude>
    <ClInclude Include="compat\pthread.h">
      <Filter>Header Files\compat</Filter>
    </ClInclude>
    <ClInclude Include="..\depends\sqlite\sqlite3.h">
      <Filter>External Libraries\sqlite\Header Files</Filter>
    </ClInclude>
    <ClInclude Include="..\depends\sqlite\sqlite3ext.h">
      <Filter>External Libraries\sqlite\Header Files</Filter>
    </ClInclude>
    <ClInclude Include="database.h">
      <Filter>Header Files</Filter>
    </ClInclude>
    <ClInclude Include="dbtypes.h">
      <Filter>Header Files</Filter>
    </ClInclude>
    <ClInclude Include="sqlite_exception.h">
      <Filter>Header Files</Filter>
    </ClInclude>
    <ClInclude Include="usbdevice.h">
      <Filter>Header Files</Filter>
    </ClInclude>
    <ClInclude Include="tcpdevice.h">
      <Filter>Header Files</Filter>
    </ClInclude>
    <ClInclude Include="addon.h">
      <Filter>Header Files</Filter>
    </ClInclude>
    <ClInclude Include="pvrtypes.h">
      <Filter>Header Files</Filter>
    </ClInclude>
    <ClInclude Include="channelsettings.h">
      <Filter>Header Files</Filter>
    </ClInclude>
    <ClInclude Include="socket_exception.h">
      <Filter>Header Files</Filter>
    </ClInclude>
    <ClInclude Include="win32_exception.h">
      <Filter>Header Files</Filter>
    </ClInclude>
    <ClInclude Include="fmdsp\fmdemod.h">
      <Filter>Header Files\fmdsp</Filter>
    </ClInclude>
    <ClInclude Include="fmdsp\fastfir.h">
      <Filter>Header Files\fmdsp</Filter>
    </ClInclude>
    <ClInclude Include="fmdsp\fft.h">
      <Filter>Header Files\fmdsp</Filter>
    </ClInclude>
    <ClInclude Include="wxstream.h">
      <Filter>Header Files</Filter>
    </ClInclude>
    <ClInclude Include="renderingcontrol.h">
      <Filter>Header Files</Filter>
    </ClInclude>
    <ClInclude Include="channeladd.h">
      <Filter>Header Files</Filter>
    </ClInclude>
    <ClInclude Include="..\depends\libusb\src\libusb\os\events_windows.h">
      <Filter>External Libraries\libusb\Header Files\os</Filter>
    </ClInclude>
    <ClInclude Include="hddsp\acquire.h">
      <Filter>Header Files\hddsp</Filter>
    </ClInclude>
    <ClInclude Include="hddsp\bitwriter.h">
      <Filter>Header Files\hddsp</Filter>
    </ClInclude>
    <ClInclude Include="hddsp\conv.h">
      <Filter>Header Files\hddsp</Filter>
    </ClInclude>
    <ClInclude Include="hddsp\conv_gen.h">
      <Filter>Header Files\hddsp</Filter>
    </ClInclude>
    <ClInclude Include="hddsp\conv_neon.h">
      <Filter>Header Files\hddsp</Filter>
    </ClInclude>
    <ClInclude Include="hddsp\conv_sse.h">
      <Filter>Header Files\hddsp</Filter>
    </ClInclude>
    <ClInclude Include="hddsp\decode.h">
      <Filter>Header Files\hddsp</Filter>
    </ClInclude>
    <ClInclude Include="hddsp\defines.h">
      <Filter>Header Files\hddsp</Filter>
    </ClInclude>
    <ClInclude Include="hddsp\firdecim_q15.h">
      <Filter>Header Files\hddsp</Filter>
    </ClInclude>
    <ClInclude Include="hddsp\frame.h">
      <Filter>Header Files\hddsp</Filter>
    </ClInclude>
    <ClInclude Include="hddsp\input.h">
      <Filter>Header Files\hddsp</Filter>
    </ClInclude>
    <ClInclude Include="hddsp\output.h">
      <Filter>Header Files\hddsp</Filter>
    </ClInclude>
    <ClInclude Include="hddsp\pids.h">
      <Filter>Header Files\hddsp</Filter>
    </ClInclude>
    <ClInclude Include="hddsp\private.h">
      <Filter>Header Files\hddsp</Filter>
    </ClInclude>
    <ClInclude Include="hddsp\rs_char.h">
      <Filter>Header Files\hddsp</Filter>
    </ClInclude>
    <ClInclude Include="hddsp\sync.h">
      <Filter>Header Files\hddsp</Filter>
    </ClInclude>
    <ClInclude Include="hddsp\unicode.h">
      <Filter>Header Files\hddsp</Filter>
    </ClInclude>
    <ClInclude Include="hddsp\config.h">
      <Filter>Header Files\hddsp</Filter>
    </ClInclude>
    <ClInclude Include="hddsp\nrsc5.h">
      <Filter>Header Files\hddsp</Filter>
    </ClInclude>
    <ClInclude Include="hdstream.h">
      <Filter>Header Files</Filter>
    </ClInclude>
    <ClInclude Include="..\depends\faad2-hdc\src\libfaad\codebook\hcb.h">
      <Filter>External Libraries\faad2-hdc\Header Files\codebook</Filter>
    </ClInclude>
    <ClInclude Include="..\depends\faad2-hdc\src\libfaad\codebook\hcb_1.h">
      <Filter>External Libraries\faad2-hdc\Header Files\codebook</Filter>
    </ClInclude>
    <ClInclude Include="..\depends\faad2-hdc\src\libfaad\codebook\hcb_2.h">
      <Filter>External Libraries\faad2-hdc\Header Files\codebook</Filter>
    </ClInclude>
    <ClInclude Include="..\depends\faad2-hdc\src\libfaad\codebook\hcb_3.h">
      <Filter>External Libraries\faad2-hdc\Header Files\codebook</Filter>
    </ClInclude>
    <ClInclude Include="..\depends\faad2-hdc\src\libfaad\codebook\hcb_4.h">
      <Filter>External Libraries\faad2-hdc\Header Files\codebook</Filter>
    </ClInclude>
    <ClInclude Include="..\depends\faad2-hdc\src\libfaad\codebook\hcb_5.h">
      <Filter>External Libraries\faad2-hdc\Header Files\codebook</Filter>
    </ClInclude>
    <ClInclude Include="..\depends\faad2-hdc\src\libfaad\codebook\hcb_6.h">
      <Filter>External Libraries\faad2-hdc\Header Files\codebook</Filter>
    </ClInclude>
    <ClInclude Include="..\depends\faad2-hdc\src\libfaad\codebook\hcb_7.h">
      <Filter>External Libraries\faad2-hdc\Header Files\codebook</Filter>
    </ClInclude>
    <ClInclude Include="..\depends\faad2-hdc\src\libfaad\codebook\hcb_8.h">
      <Filter>External Libraries\faad2-hdc\Header Files\codebook</Filter>
    </ClInclude>
    <ClInclude Include="..\depends\faad2-hdc\src\libfaad\codebook\hcb_9.h">
      <Filter>External Libraries\faad2-hdc\Header Files\codebook</Filter>
    </ClInclude>
    <ClInclude Include="..\depends\faad2-hdc\src\libfaad\codebook\hcb_10.h">
      <Filter>External Libraries\faad2-hdc\Header Files\codebook</Filter>
    </ClInclude>
    <ClInclude Include="..\depends\faad2-hdc\src\libfaad\codebook\hcb_11.h">
      <Filter>External Libraries\faad2-hdc\Header Files\codebook</Filter>
    </ClInclude>
    <ClInclude Include="..\depends\faad2-hdc\src\libfaad\codebook\hcb_sf.h">
      <Filter>External Libraries\faad2-hdc\Header Files\codebook</Filter>
    </ClInclude>
    <ClInclude Include="..\depends\faad2-hdc\src\libfaad\analysis.h">
      <Filter>External Libraries\faad2-hdc\Header Files</Filter>
    </ClInclude>
    <ClInclude Include="..\depends\faad2-hdc\src\libfaad\bits.h">
      <Filter>External Libraries\faad2-hdc\Header Files</Filter>
    </ClInclude>
    <ClInclude Include="..\depends\faad2-hdc\src\libfaad\cfft.h">
      <Filter>External Libraries\faad2-hdc\Header Files</Filter>
    </ClInclude>
    <ClInclude Include="..\depends\faad2-hdc\src\libfaad\cfft_tab.h">
      <Filter>External Libraries\faad2-hdc\Header Files</Filter>
    </ClInclude>
    <ClInclude Include="..\depends\faad2-hdc\src\libfaad\common.h">
      <Filter>External Libraries\faad2-hdc\Header Files</Filter>
    </ClInclude>
    <ClInclude Include="..\depends\faad2-hdc\src\libfaad\drc.h">
      <Filter>External Libraries\faad2-hdc\Header Files</Filter>
    </ClInclude>
    <ClInclude Include="..\depends\faad2-hdc\src\libfaad\drm_dec.h">
      <Filter>External Libraries\faad2-hdc\Header Files</Filter>
    </ClInclude>
    <ClInclude Include="..\depends\faad2-hdc\src\libfaad\error.h">
      <Filter>External Libraries\faad2-hdc\Header Files</Filter>
    </ClInclude>
    <ClInclude Include="..\depends\faad2-hdc\src\libfaad\filtbank.h">
      <Filter>External Libraries\faad2-hdc\Header Files</Filter>
    </ClInclude>
    <ClInclude Include="..\depends\faad2-hdc\src\libfaad\fixed.h">
      <Filter>External Libraries\faad2-hdc\Header Files</Filter>
    </ClInclude>
    <ClInclude Include="..\depends\faad2-hdc\src\libfaad\huffman.h">
      <Filter>External Libraries\faad2-hdc\Header Files</Filter>
    </ClInclude>
    <ClInclude Include="..\depends\faad2-hdc\src\libfaad\ic_predict.h">
      <Filter>External Libraries\faad2-hdc\Header Files</Filter>
    </ClInclude>
    <ClInclude Include="..\depends\faad2-hdc\src\libfaad\iq_table.h">
      <Filter>External Libraries\faad2-hdc\Header Files</Filter>
    </ClInclude>
    <ClInclude Include="..\depends\faad2-hdc\src\libfaad\is.h">
      <Filter>External Libraries\faad2-hdc\Header Files</Filter>
    </ClInclude>
    <ClInclude Include="..\depends\faad2-hdc\src\libfaad\kbd_win.h">
      <Filter>External Libraries\faad2-hdc\Header Files</Filter>
    </ClInclude>
    <ClInclude Include="..\depends\faad2-hdc\src\libfaad\lt_predict.h">
      <Filter>External Libraries\faad2-hdc\Header Files</Filter>
    </ClInclude>
    <ClInclude Include="..\depends\faad2-hdc\src\libfaad\mdct.h">
      <Filter>External Libraries\faad2-hdc\Header Files</Filter>
    </ClInclude>
    <ClInclude Include="..\depends\faad2-hdc\src\libfaad\mdct_tab.h">
      <Filter>External Libraries\faad2-hdc\Header Files</Filter>
    </ClInclude>
    <ClInclude Include="..\depends\faad2-hdc\src\libfaad\mp4.h">
      <Filter>External Libraries\faad2-hdc\Header Files</Filter>
    </ClInclude>
    <ClInclude Include="..\depends\faad2-hdc\src\libfaad\ms.h">
      <Filter>External Libraries\faad2-hdc\Header Files</Filter>
    </ClInclude>
    <ClInclude Include="..\depends\faad2-hdc\src\libfaad\output.h">
      <Filter>External Libraries\faad2-hdc\Header Files</Filter>
    </ClInclude>
    <ClInclude Include="..\depends\faad2-hdc\src\libfaad\pns.h">
      <Filter>External Libraries\faad2-hdc\Header Files</Filter>
    </ClInclude>
    <ClInclude Include="..\depends\faad2-hdc\src\libfaad\ps_dec.h">
      <Filter>External Libraries\faad2-hdc\Header Files</Filter>
    </ClInclude>
    <ClInclude Include="..\depends\faad2-hdc\src\libfaad\ps_tables.h">
      <Filter>External Libraries\faad2-hdc\Header Files</Filter>
    </ClInclude>
    <ClInclude Include="..\depends\faad2-hdc\src\libfaad\pulse.h">
      <Filter>External Libraries\faad2-hdc\Header Files</Filter>
    </ClInclude>
    <ClInclude Include="..\depends\faad2-hdc\src\libfaad\rvlc.h">
      <Filter>External Libraries\faad2-hdc\Header Files</Filter>
    </ClInclude>
    <ClInclude Include="..\depends\faad2-hdc\src\libfaad\sbr_dct.h">
      <Filter>External Libraries\faad2-hdc\Header Files</Filter>
    </ClInclude>
    <ClInclude Include="..\depends\faad2-hdc\src\libfaad\sbr_dec.h">
      <Filter>External Libraries\faad2-hdc\Header Files</Filter>
    </ClInclude>
    <ClInclude Include="..\depends\faad2-hdc\src\libfaad\sbr_e_nf.h">
      <Filter>External Libraries\faad2-hdc\Header Files</Filter>
    </ClInclude>
    <ClInclude Include="..\depends\faad2-hdc\src\libfaad\sbr_fbt.h">
      <Filter>External Libraries\faad2-hdc\Header Files</Filter>
    </ClInclude>
    <ClInclude Include="..\depends\faad2-hdc\src\libfaad\sbr_hfadj.h">
      <Filter>External Libraries\faad2-hdc\Header Files</Filter>
    </ClInclude>
    <ClInclude Include="..\depends\faad2-hdc\src\libfaad\sbr_hfgen.h">
      <Filter>External Libraries\faad2-hdc\Header Files</Filter>
    </ClInclude>
    <ClInclude Include="..\depends\faad2-hdc\src\libfaad\sbr_huff.h">
      <Filter>External Libraries\faad2-hdc\Header Files</Filter>
    </ClInclude>
    <ClInclude Include="..\depends\faad2-hdc\src\libfaad\sbr_noise.h">
      <Filter>External Libraries\faad2-hdc\Header Files</Filter>
    </ClInclude>
    <ClInclude Include="..\depends\faad2-hdc\src\libfaad\sbr_qmf.h">
      <Filter>External Libraries\faad2-hdc\Header Files</Filter>
    </ClInclude>
    <ClInclude Include="..\depends\faad2-hdc\src\libfaad\sbr_qmf_c.h">
      <Filter>External Libraries\faad2-hdc\Header Files</Filter>
    </ClInclude>
    <ClInclude Include="..\depends\faad2-hdc\src\libfaad\sbr_syntax.h">
      <Filter>External Libraries\faad2-hdc\Header Files</Filter>
    </ClInclude>
    <ClInclude Include="..\depends\faad2-hdc\src\libfaad\sbr_tf_grid.h">
      <Filter>External Libraries\faad2-hdc\Header Files</Filter>
    </ClInclude>
    <ClInclude Include="..\depends\faad2-hdc\src\libfaad\sine_win.h">
      <Filter>External Libraries\faad2-hdc\Header Files</Filter>
    </ClInclude>
    <ClInclude Include="..\depends\faad2-hdc\src\libfaad\specrec.h">
      <Filter>External Libraries\faad2-hdc\Header Files</Filter>
    </ClInclude>
    <ClInclude Include="..\depends\faad2-hdc\src\libfaad\ssr.h">
      <Filter>External Libraries\faad2-hdc\Header Files</Filter>
    </ClInclude>
    <ClInclude Include="..\depends\faad2-hdc\src\libfaad\ssr_fb.h">
      <Filter>External Libraries\faad2-hdc\Header Files</Filter>
    </ClInclude>
    <ClInclude Include="..\depends\faad2-hdc\src\libfaad\ssr_ipqf.h">
      <Filter>External Libraries\faad2-hdc\Header Files</Filter>
    </ClInclude>
    <ClInclude Include="..\depends\faad2-hdc\src\libfaad\ssr_win.h">
      <Filter>External Libraries\faad2-hdc\Header Files</Filter>
    </ClInclude>
    <ClInclude Include="..\depends\faad2-hdc\src\libfaad\structs.h">
      <Filter>External Libraries\faad2-hdc\Header Files</Filter>
    </ClInclude>
    <ClInclude Include="..\depends\faad2-hdc\src\libfaad\syntax.h">
      <Filter>External Libraries\faad2-hdc\Header Files</Filter>
    </ClInclude>
    <ClInclude Include="..\depends\faad2-hdc\src\libfaad\tns.h">
      <Filter>External Libraries\faad2-hdc\Header Files</Filter>
    </ClInclude>
    <ClInclude Include="compat\faad2-hdc\win32_ver.h">
      <Filter>External Libraries\faad2-hdc\Header Files\compat\faad2-hdc</Filter>
    </ClInclude>
    <ClInclude Include="filedevice.h">
      <Filter>Header Files</Filter>
    </ClInclude>
    <ClInclude Include="id3v2tag.h">
      <Filter>Header Files</Filter>
    </ClInclude>
    <ClInclude Include="id3v1tag.h">
      <Filter>Header Files</Filter>
    </ClInclude>
    <ClInclude Include="dabdsp\channels.h">
      <Filter>Header Files\dabdsp</Filter>
    </ClInclude>
    <ClInclude Include="dabdsp\char.h">
      <Filter>Header Files\dabdsp</Filter>
    </ClInclude>
    <ClInclude Include="dabdsp\charsets.h">
      <Filter>Header Files\dabdsp</Filter>
    </ClInclude>
    <ClInclude Include="dabdsp\dab_decoder.h">
      <Filter>Header Files\dabdsp</Filter>
    </ClInclude>
    <ClInclude Include="dabdsp\dab-audio.h">
      <Filter>Header Files\dabdsp</Filter>
    </ClInclude>
    <ClInclude Include="dabdsp\dab-constants.h">
      <Filter>Header Files\dabdsp</Filter>
    </ClInclude>
    <ClInclude Include="dabdsp\dabplus_decoder.h">
      <Filter>Header Files\dabdsp</Filter>
    </ClInclude>
    <ClInclude Include="dabdsp\dab-processor.h">
      <Filter>Header Files\dabdsp</Filter>
    </ClInclude>
    <ClInclude Include="dabdsp\dab-virtual.h">
      <Filter>Header Files\dabdsp</Filter>
    </ClInclude>
    <ClInclude Include="dabdsp\decode_rs.h">
      <Filter>Header Files\dabdsp</Filter>
    </ClInclude>
    <ClInclude Include="dabdsp\decoder_adapter.h">
      <Filter>Header Files\dabdsp</Filter>
    </ClInclude>
    <ClInclude Include="dabdsp\eep-protection.h">
      <Filter>Header Files\dabdsp</Filter>
    </ClInclude>
    <ClInclude Include="dabdsp\encode_rs.h">
      <Filter>Header Files\dabdsp</Filter>
    </ClInclude>
    <ClInclude Include="dabdsp\energy_dispersal.h">
      <Filter>Header Files\dabdsp</Filter>
    </ClInclude>
    <ClInclude Include="dabdsp\fec.h">
      <Filter>Header Files\dabdsp</Filter>
    </ClInclude>
    <ClInclude Include="dabdsp\fft.h">
      <Filter>Header Files\dabdsp</Filter>
    </ClInclude>
    <ClInclude Include="dabdsp\fib-processor.h">
      <Filter>Header Files\dabdsp</Filter>
    </ClInclude>
    <ClInclude Include="dabdsp\fic-handler.h">
      <Filter>Header Files\dabdsp</Filter>
    </ClInclude>
    <ClInclude Include="dabdsp\freq-interleaver.h">
      <Filter>Header Files\dabdsp</Filter>
    </ClInclude>
    <ClInclude Include="dabdsp\init_rs.h">
      <Filter>Header Files\dabdsp</Filter>
    </ClInclude>
    <ClInclude Include="dabdsp\MathHelper.h">
      <Filter>Header Files\dabdsp</Filter>
    </ClInclude>
    <ClInclude Include="dabdsp\mot_manager.h">
      <Filter>Header Files\dabdsp</Filter>
    </ClInclude>
    <ClInclude Include="dabdsp\msc-handler.h">
      <Filter>Header Files\dabdsp</Filter>
    </ClInclude>
    <ClInclude Include="dabdsp\ofdm-decoder.h">
      <Filter>Header Files\dabdsp</Filter>
    </ClInclude>
    <ClInclude Include="dabdsp\ofdm-processor.h">
      <Filter>Header Files\dabdsp</Filter>
    </ClInclude>
    <ClInclude Include="dabdsp\pad_decoder.h">
      <Filter>Header Files\dabdsp</Filter>
    </ClInclude>
    <ClInclude Include="dabdsp\phasereference.h">
      <Filter>Header Files\dabdsp</Filter>
    </ClInclude>
    <ClInclude Include="dabdsp\phasetable.h">
      <Filter>Header Files\dabdsp</Filter>
    </ClInclude>
    <ClInclude Include="dabdsp\profiling.h">
      <Filter>Header Files\dabdsp</Filter>
    </ClInclude>
    <ClInclude Include="dabdsp\protection.h">
      <Filter>Header Files\dabdsp</Filter>
    </ClInclude>
    <ClInclude Include="dabdsp\protTables.h">
      <Filter>Header Files\dabdsp</Filter>
    </ClInclude>
    <ClInclude Include="dabdsp\radio-controller.h">
      <Filter>Header Files\dabdsp</Filter>
    </ClInclude>
    <ClInclude Include="dabdsp\radio-receiver.h">
      <Filter>Header Files\dabdsp</Filter>
    </ClInclude>
    <ClInclude Include="dabdsp\radio-receiver-options.h">
      <Filter>Header Files\dabdsp</Filter>
    </ClInclude>
    <ClInclude Include="dabdsp\ringbuffer.h">
      <Filter>Header Files\dabdsp</Filter>
    </ClInclude>
    <ClInclude Include="dabdsp\rs-common.h">
      <Filter>Header Files\dabdsp</Filter>
    </ClInclude>
    <ClInclude Include="dabdsp\subchannel_sink.h">
      <Filter>Header Files\dabdsp</Filter>
    </ClInclude>
    <ClInclude Include="dabdsp\tii-decoder.h">
      <Filter>Header Files\dabdsp</Filter>
    </ClInclude>
    <ClInclude Include="dabdsp\tools.h">
      <Filter>Header Files\dabdsp</Filter>
    </ClInclude>
    <ClInclude Include="dabdsp\uep-protection.h">
      <Filter>Header Files\dabdsp</Filter>
    </ClInclude>
    <ClInclude Include="dabdsp\viterbi.h">
      <Filter>Header Files\dabdsp</Filter>
    </ClInclude>
    <ClInclude Include="dabdsp\Xtan2.h">
      <Filter>Header Files\dabdsp</Filter>
    </ClInclude>
    <ClInclude Include="dabstream.h">
      <Filter>Header Files</Filter>
    </ClInclude>
    <ClInclude Include="signalmeter.h">
      <Filter>Header Files</Filter>
    </ClInclude>
    <ClInclude Include="muxscanner.h">
      <Filter>Header Files</Filter>
    </ClInclude>
    <ClInclude Include="hdmuxscanner.h">
      <Filter>Header Files</Filter>
    </ClInclude>
    <ClInclude Include="dabmuxscanner.h">
      <Filter>Header Files</Filter>
    </ClInclude>
  </ItemGroup>
  <ItemGroup>
    <ClCompile Include="stdafx.cpp">
      <Filter>Source Files</Filter>
    </ClCompile>
    <ClCompile Include="..\depends\libusb\src\libusb\core.c">
      <Filter>External Libraries\libusb\Source Files</Filter>
    </ClCompile>
    <ClCompile Include="..\depends\libusb\src\libusb\descriptor.c">
      <Filter>External Libraries\libusb\Source Files</Filter>
    </ClCompile>
    <ClCompile Include="..\depends\libusb\src\libusb\hotplug.c">
      <Filter>External Libraries\libusb\Source Files</Filter>
    </ClCompile>
    <ClCompile Include="..\depends\libusb\src\libusb\io.c">
      <Filter>External Libraries\libusb\Source Files</Filter>
    </ClCompile>
    <ClCompile Include="..\depends\libusb\src\libusb\strerror.c">
      <Filter>External Libraries\libusb\Source Files</Filter>
    </ClCompile>
    <ClCompile Include="..\depends\libusb\src\libusb\sync.c">
      <Filter>External Libraries\libusb\Source Files</Filter>
    </ClCompile>
    <ClCompile Include="..\depends\libusb\src\libusb\os\threads_windows.c">
      <Filter>External Libraries\libusb\Source Files\os</Filter>
    </ClCompile>
    <ClCompile Include="..\depends\libusb\src\libusb\os\windows_usbdk.c">
      <Filter>External Libraries\libusb\Source Files\os</Filter>
    </ClCompile>
    <ClCompile Include="..\depends\libusb\src\libusb\os\windows_winusb.c">
      <Filter>External Libraries\libusb\Source Files\os</Filter>
    </ClCompile>
    <ClCompile Include="..\depends\rtl-sdr\src\librtlsdr.c">
      <Filter>External Libraries\rtl-sdr\Source Files</Filter>
    </ClCompile>
    <ClCompile Include="..\depends\rtl-sdr\src\tuner_e4k.c">
      <Filter>External Libraries\rtl-sdr\Source Files</Filter>
    </ClCompile>
    <ClCompile Include="..\depends\rtl-sdr\src\tuner_fc0012.c">
      <Filter>External Libraries\rtl-sdr\Source Files</Filter>
    </ClCompile>
    <ClCompile Include="..\depends\rtl-sdr\src\tuner_fc0013.c">
      <Filter>External Libraries\rtl-sdr\Source Files</Filter>
    </ClCompile>
    <ClCompile Include="..\depends\rtl-sdr\src\tuner_fc2580.c">
      <Filter>External Libraries\rtl-sdr\Source Files</Filter>
    </ClCompile>
    <ClCompile Include="..\depends\rtl-sdr\src\tuner_r82xx.c">
      <Filter>External Libraries\rtl-sdr\Source Files</Filter>
    </ClCompile>
    <ClCompile Include="libusb_exception.cpp">
      <Filter>Source Files</Filter>
    </ClCompile>
    <ClCompile Include="fmstream.cpp">
      <Filter>Source Files</Filter>
    </ClCompile>
    <ClCompile Include="fmdsp\demodulator.cpp">
      <Filter>Source Files\fmdsp</Filter>
    </ClCompile>
    <ClCompile Include="fmdsp\fractresampler.cpp">
      <Filter>Source Files\fmdsp</Filter>
    </ClCompile>
    <ClCompile Include="fmdsp\downconvert.cpp">
      <Filter>Source Files\fmdsp</Filter>
    </ClCompile>
    <ClCompile Include="fmdsp\fir.cpp">
      <Filter>Source Files\fmdsp</Filter>
    </ClCompile>
    <ClCompile Include="fmdsp\iir.cpp">
      <Filter>Source Files\fmdsp</Filter>
    </ClCompile>
    <ClCompile Include="fmdsp\wfmdemod.cpp">
      <Filter>Source Files\fmdsp</Filter>
    </ClCompile>
    <ClCompile Include="rdsdecoder.cpp">
      <Filter>Source Files</Filter>
    </ClCompile>
    <ClCompile Include="uecp.cpp">
      <Filter>Source Files</Filter>
    </ClCompile>
    <ClCompile Include="..\depends\sqlite\sqlite3.c">
      <Filter>External Libraries\sqlite\Source Files</Filter>
    </ClCompile>
    <ClCompile Include="database.cpp">
      <Filter>Source Files</Filter>
    </ClCompile>
    <ClCompile Include="sqlite_exception.cpp">
      <Filter>Source Files</Filter>
    </ClCompile>
    <ClCompile Include="usbdevice.cpp">
      <Filter>Source Files</Filter>
    </ClCompile>
    <ClCompile Include="tcpdevice.cpp">
      <Filter>Source Files</Filter>
    </ClCompile>
    <ClCompile Include="addon.cpp">
      <Filter>Source Files</Filter>
    </ClCompile>
    <ClCompile Include="channelsettings.cpp">
      <Filter>Source Files</Filter>
    </ClCompile>
    <ClCompile Include="win32_exception.cpp">
      <Filter>Source Files</Filter>
    </ClCompile>
    <ClCompile Include="fmdsp\fmdemod.cpp">
      <Filter>Source Files\fmdsp</Filter>
    </ClCompile>
    <ClCompile Include="fmdsp\fastfir.cpp">
      <Filter>Source Files\fmdsp</Filter>
    </ClCompile>
    <ClCompile Include="fmdsp\fft.cpp">
      <Filter>Source Files\fmdsp</Filter>
    </ClCompile>
    <ClCompile Include="wxstream.cpp">
      <Filter>Source Files</Filter>
    </ClCompile>
    <ClCompile Include="channeladd.cpp">
      <Filter>Source Files</Filter>
    </ClCompile>
    <ClCompile Include="..\depends\libusb\src\libusb\os\events_windows.c">
      <Filter>External Libraries\libusb\Source Files\os</Filter>
    </ClCompile>
    <ClCompile Include="..\depends\libusb\src\libusb\os\windows_common.c">
      <Filter>External Libraries\libusb\Source Files\os</Filter>
    </ClCompile>
    <ClCompile Include="hddsp\acquire.c">
      <Filter>Source Files\hddsp</Filter>
    </ClCompile>
    <ClCompile Include="hddsp\conv_dec.c">
      <Filter>Source Files\hddsp</Filter>
    </ClCompile>
    <ClCompile Include="hddsp\decode.c">
      <Filter>Source Files\hddsp</Filter>
    </ClCompile>
    <ClCompile Include="hddsp\firdecim_q15.c">
      <Filter>Source Files\hddsp</Filter>
    </ClCompile>
    <ClCompile Include="hddsp\frame.c">
      <Filter>Source Files\hddsp</Filter>
    </ClCompile>
    <ClCompile Include="hddsp\input.c">
      <Filter>Source Files\hddsp</Filter>
    </ClCompile>
    <ClCompile Include="hddsp\nrsc5.c">
      <Filter>Source Files\hddsp</Filter>
    </ClCompile>
    <ClCompile Include="hddsp\output.c">
      <Filter>Source Files\hddsp</Filter>
    </ClCompile>
    <ClCompile Include="hddsp\pids.c">
      <Filter>Source Files\hddsp</Filter>
    </ClCompile>
    <ClCompile Include="hddsp\rs_decode.c">
      <Filter>Source Files\hddsp</Filter>
    </ClCompile>
    <ClCompile Include="hddsp\rs_init.c">
      <Filter>Source Files\hddsp</Filter>
    </ClCompile>
    <ClCompile Include="hddsp\strndup.c">
      <Filter>Source Files\hddsp</Filter>
    </ClCompile>
    <ClCompile Include="hddsp\sync.c">
      <Filter>Source Files\hddsp</Filter>
    </ClCompile>
    <ClCompile Include="hddsp\unicode.c">
      <Filter>Source Files\hddsp</Filter>
    </ClCompile>
    <ClCompile Include="hdstream.cpp">
      <Filter>Source Files</Filter>
    </ClCompile>
    <ClCompile Include="..\depends\faad2-hdc\src\libfaad\bits.c">
      <Filter>External Libraries\faad2-hdc\Source Files</Filter>
    </ClCompile>
    <ClCompile Include="..\depends\faad2-hdc\src\libfaad\cfft.c">
      <Filter>External Libraries\faad2-hdc\Source Files</Filter>
    </ClCompile>
    <ClCompile Include="..\depends\faad2-hdc\src\libfaad\common.c">
      <Filter>External Libraries\faad2-hdc\Source Files</Filter>
    </ClCompile>
    <ClCompile Include="..\depends\faad2-hdc\src\libfaad\decoder.c">
      <Filter>External Libraries\faad2-hdc\Source Files</Filter>
    </ClCompile>
    <ClCompile Include="..\depends\faad2-hdc\src\libfaad\drc.c">
      <Filter>External Libraries\faad2-hdc\Source Files</Filter>
    </ClCompile>
    <ClCompile Include="..\depends\faad2-hdc\src\libfaad\drm_dec.c">
      <Filter>External Libraries\faad2-hdc\Source Files</Filter>
    </ClCompile>
    <ClCompile Include="..\depends\faad2-hdc\src\libfaad\error.c">
      <Filter>External Libraries\faad2-hdc\Source Files</Filter>
    </ClCompile>
    <ClCompile Include="..\depends\faad2-hdc\src\libfaad\filtbank.c">
      <Filter>External Libraries\faad2-hdc\Source Files</Filter>
    </ClCompile>
    <ClCompile Include="..\depends\faad2-hdc\src\libfaad\hcr.c">
      <Filter>External Libraries\faad2-hdc\Source Files</Filter>
    </ClCompile>
    <ClCompile Include="..\depends\faad2-hdc\src\libfaad\huffman.c">
      <Filter>External Libraries\faad2-hdc\Source Files</Filter>
    </ClCompile>
    <ClCompile Include="..\depends\faad2-hdc\src\libfaad\ic_predict.c">
      <Filter>External Libraries\faad2-hdc\Source Files</Filter>
    </ClCompile>
    <ClCompile Include="..\depends\faad2-hdc\src\libfaad\is.c">
      <Filter>External Libraries\faad2-hdc\Source Files</Filter>
    </ClCompile>
    <ClCompile Include="..\depends\faad2-hdc\src\libfaad\lt_predict.c">
      <Filter>External Libraries\faad2-hdc\Source Files</Filter>
    </ClCompile>
    <ClCompile Include="..\depends\faad2-hdc\src\libfaad\mdct.c">
      <Filter>External Libraries\faad2-hdc\Source Files</Filter>
    </ClCompile>
    <ClCompile Include="..\depends\faad2-hdc\src\libfaad\mp4.c">
      <Filter>External Libraries\faad2-hdc\Source Files</Filter>
    </ClCompile>
    <ClCompile Include="..\depends\faad2-hdc\src\libfaad\ms.c">
      <Filter>External Libraries\faad2-hdc\Source Files</Filter>
    </ClCompile>
    <ClCompile Include="..\depends\faad2-hdc\src\libfaad\output.c">
      <Filter>External Libraries\faad2-hdc\Source Files</Filter>
    </ClCompile>
    <ClCompile Include="..\depends\faad2-hdc\src\libfaad\pns.c">
      <Filter>External Libraries\faad2-hdc\Source Files</Filter>
    </ClCompile>
    <ClCompile Include="..\depends\faad2-hdc\src\libfaad\ps_dec.c">
      <Filter>External Libraries\faad2-hdc\Source Files</Filter>
    </ClCompile>
    <ClCompile Include="..\depends\faad2-hdc\src\libfaad\ps_syntax.c">
      <Filter>External Libraries\faad2-hdc\Source Files</Filter>
    </ClCompile>
    <ClCompile Include="..\depends\faad2-hdc\src\libfaad\pulse.c">
      <Filter>External Libraries\faad2-hdc\Source Files</Filter>
    </ClCompile>
    <ClCompile Include="..\depends\faad2-hdc\src\libfaad\rvlc.c">
      <Filter>External Libraries\faad2-hdc\Source Files</Filter>
    </ClCompile>
    <ClCompile Include="..\depends\faad2-hdc\src\libfaad\sbr_dct.c">
      <Filter>External Libraries\faad2-hdc\Source Files</Filter>
    </ClCompile>
    <ClCompile Include="..\depends\faad2-hdc\src\libfaad\sbr_dec.c">
      <Filter>External Libraries\faad2-hdc\Source Files</Filter>
    </ClCompile>
    <ClCompile Include="..\depends\faad2-hdc\src\libfaad\sbr_e_nf.c">
      <Filter>External Libraries\faad2-hdc\Source Files</Filter>
    </ClCompile>
    <ClCompile Include="..\depends\faad2-hdc\src\libfaad\sbr_fbt.c">
      <Filter>External Libraries\faad2-hdc\Source Files</Filter>
    </ClCompile>
    <ClCompile Include="..\depends\faad2-hdc\src\libfaad\sbr_hfadj.c">
      <Filter>External Libraries\faad2-hdc\Source Files</Filter>
    </ClCompile>
    <ClCompile Include="..\depends\faad2-hdc\src\libfaad\sbr_hfgen.c">
      <Filter>External Libraries\faad2-hdc\Source Files</Filter>
    </ClCompile>
    <ClCompile Include="..\depends\faad2-hdc\src\libfaad\sbr_huff.c">
      <Filter>External Libraries\faad2-hdc\Source Files</Filter>
    </ClCompile>
    <ClCompile Include="..\depends\faad2-hdc\src\libfaad\sbr_qmf.c">
      <Filter>External Libraries\faad2-hdc\Source Files</Filter>
    </ClCompile>
    <ClCompile Include="..\depends\faad2-hdc\src\libfaad\sbr_syntax.c">
      <Filter>External Libraries\faad2-hdc\Source Files</Filter>
    </ClCompile>
    <ClCompile Include="..\depends\faad2-hdc\src\libfaad\sbr_tf_grid.c">
      <Filter>External Libraries\faad2-hdc\Source Files</Filter>
    </ClCompile>
    <ClCompile Include="..\depends\faad2-hdc\src\libfaad\specrec.c">
      <Filter>External Libraries\faad2-hdc\Source Files</Filter>
    </ClCompile>
    <ClCompile Include="..\depends\faad2-hdc\src\libfaad\ssr.c">
      <Filter>External Libraries\faad2-hdc\Source Files</Filter>
    </ClCompile>
    <ClCompile Include="..\depends\faad2-hdc\src\libfaad\ssr_fb.c">
      <Filter>External Libraries\faad2-hdc\Source Files</Filter>
    </ClCompile>
    <ClCompile Include="..\depends\faad2-hdc\src\libfaad\ssr_ipqf.c">
      <Filter>External Libraries\faad2-hdc\Source Files</Filter>
    </ClCompile>
    <ClCompile Include="..\depends\faad2-hdc\src\libfaad\syntax.c">
      <Filter>External Libraries\faad2-hdc\Source Files</Filter>
    </ClCompile>
    <ClCompile Include="..\depends\faad2-hdc\src\libfaad\tns.c">
      <Filter>External Libraries\faad2-hdc\Source Files</Filter>
    </ClCompile>
    <ClCompile Include="compat\bionic\complex.cpp">
      <Filter>Source Files\compat\bionic</Filter>
    </ClCompile>
    <ClCompile Include="filedevice.cpp">
      <Filter>Source Files</Filter>
    </ClCompile>
    <ClCompile Include="id3v2tag.cpp">
      <Filter>Source Files</Filter>
    </ClCompile>
    <ClCompile Include="id3v1tag.cpp">
      <Filter>Source Files</Filter>
    </ClCompile>
    <ClCompile Include="dabdsp\channels.cpp">
      <Filter>Source Files\dabdsp</Filter>
    </ClCompile>
    <ClCompile Include="dabdsp\charsets.cpp">
      <Filter>Source Files\dabdsp</Filter>
    </ClCompile>
    <ClCompile Include="dabdsp\dab_decoder.cpp">
      <Filter>Source Files\dabdsp</Filter>
    </ClCompile>
    <ClCompile Include="dabdsp\dab-audio.cpp">
      <Filter>Source Files\dabdsp</Filter>
    </ClCompile>
    <ClCompile Include="dabdsp\dab-constants.cpp">
      <Filter>Source Files\dabdsp</Filter>
    </ClCompile>
    <ClCompile Include="dabdsp\dabplus_decoder.cpp">
      <Filter>Source Files\dabdsp</Filter>
    </ClCompile>
    <ClCompile Include="dabdsp\decoder_adapter.cpp">
      <Filter>Source Files\dabdsp</Filter>
    </ClCompile>
    <ClCompile Include="dabdsp\eep-protection.cpp">
      <Filter>Source Files\dabdsp</Filter>
    </ClCompile>
    <ClCompile Include="dabdsp\fft.cpp">
      <Filter>Source Files\dabdsp</Filter>
    </ClCompile>
    <ClCompile Include="dabdsp\fib-processor.cpp">
      <Filter>Source Files\dabdsp</Filter>
    </ClCompile>
    <ClCompile Include="dabdsp\fic-handler.cpp">
      <Filter>Source Files\dabdsp</Filter>
    </ClCompile>
    <ClCompile Include="dabdsp\freq-interleaver.cpp">
      <Filter>Source Files\dabdsp</Filter>
    </ClCompile>
    <ClCompile Include="dabdsp\mot_manager.cpp">
      <Filter>Source Files\dabdsp</Filter>
    </ClCompile>
    <ClCompile Include="dabdsp\msc-handler.cpp">
      <Filter>Source Files\dabdsp</Filter>
    </ClCompile>
    <ClCompile Include="dabdsp\ofdm-decoder.cpp">
      <Filter>Source Files\dabdsp</Filter>
    </ClCompile>
    <ClCompile Include="dabdsp\ofdm-processor.cpp">
      <Filter>Source Files\dabdsp</Filter>
    </ClCompile>
    <ClCompile Include="dabdsp\pad_decoder.cpp">
      <Filter>Source Files\dabdsp</Filter>
    </ClCompile>
    <ClCompile Include="dabdsp\phasereference.cpp">
      <Filter>Source Files\dabdsp</Filter>
    </ClCompile>
    <ClCompile Include="dabdsp\phasetable.cpp">
      <Filter>Source Files\dabdsp</Filter>
    </ClCompile>
    <ClCompile Include="dabdsp\profiling.cpp">
      <Filter>Source Files\dabdsp</Filter>
    </ClCompile>
    <ClCompile Include="dabdsp\protTables.cpp">
      <Filter>Source Files\dabdsp</Filter>
    </ClCompile>
    <ClCompile Include="dabdsp\radio-receiver.cpp">
      <Filter>Source Files\dabdsp</Filter>
    </ClCompile>
    <ClCompile Include="dabdsp\tii-decoder.cpp">
      <Filter>Source Files\dabdsp</Filter>
    </ClCompile>
    <ClCompile Include="dabdsp\tools.cpp">
      <Filter>Source Files\dabdsp</Filter>
    </ClCompile>
    <ClCompile Include="dabdsp\uep-protection.cpp">
      <Filter>Source Files\dabdsp</Filter>
    </ClCompile>
    <ClCompile Include="dabdsp\viterbi.cpp">
      <Filter>Source Files\dabdsp</Filter>
    </ClCompile>
    <ClCompile Include="dabdsp\Xtan2.cpp">
      <Filter>Source Files\dabdsp</Filter>
    </ClCompile>
    <ClCompile Include="dabdsp\decode_rs_char.c">
      <Filter>Source Files\dabdsp</Filter>
    </ClCompile>
    <ClCompile Include="dabdsp\encode_rs_char.c">
      <Filter>Source Files\dabdsp</Filter>
    </ClCompile>
    <ClCompile Include="dabdsp\init_rs_char.c">
      <Filter>Source Files\dabdsp</Filter>
    </ClCompile>
    <ClCompile Include="dabstream.cpp">
      <Filter>Source Files</Filter>
    </ClCompile>
    <ClCompile Include="signalmeter.cpp">
      <Filter>Source Files</Filter>
    </ClCompile>
    <ClCompile Include="hdmuxscanner.cpp">
      <Filter>Source Files</Filter>
    </ClCompile>
    <ClCompile Include="dabmuxscanner.cpp">
      <Filter>Source Files</Filter>
    </ClCompile>
  </ItemGroup>
  <ItemGroup>
    <ResourceCompile Include="..\tmp\version\version.rc">
      <Filter>Resource Files</Filter>
    </ResourceCompile>
  </ItemGroup>
  <ItemGroup>
    <CopyFileToFolders Include="..\depends\fftw\windows-x64\bin\libfftw3f-3.dll">
      <Filter>External Libraries\fftw\Binary Files\x64</Filter>
    </CopyFileToFolders>
    <CopyFileToFolders Include="..\depends\fftw\windows-win32\bin\libfftw3f-3.dll">
      <Filter>External Libraries\fftw\Binary Files\Win32</Filter>
    </CopyFileToFolders>
  </ItemGroup>
</Project>