<?xml version="1.0" encoding="utf-8"?>
<Project ToolsVersion="4.0" xmlns="http://schemas.microsoft.com/developer/msbuild/2003">
  <ItemGroup>
    <Filter Include="Source Files">
      <UniqueIdentifier>{4FC737F1-C7A5-4376-A066-2A32D752A2FF}</UniqueIdentifier>
      <Extensions>cpp;c;cc;cxx;def;odl;idl;hpj;bat;asm;asmx</Extensions>
    </Filter>
    <Filter Include="Header Files">
      <UniqueIdentifier>{93995380-89BD-4b04-88EB-625FBE52EBFB}</UniqueIdentifier>
      <Extensions>h;hh;hpp;hxx;hm;inl;inc;xsd</Extensions>
    </Filter>
    <Filter Include="Resource Files">
      <UniqueIdentifier>{67DA6AB6-F800-4c08-8B7A-83BB121AAD01}</UniqueIdentifier>
      <Extensions>rc;ico;cur;bmp;dlg;rc2;rct;bin;rgs;gif;jpg;jpeg;jpe;resx;tiff;tif;png;wav;mfcribbon-ms</Extensions>
    </Filter>
    <Filter Include="External Libraries">
      <UniqueIdentifier>{eb0262dd-4497-479f-81a3-67548f7bddf8}</UniqueIdentifier>
    </Filter>
    <Filter Include="External Libraries\libusb">
      <UniqueIdentifier>{e5313abb-fae4-4135-85ae-37f1f1defff5}</UniqueIdentifier>
    </Filter>
    <Filter Include="External Libraries\libusb\Header Files">
      <UniqueIdentifier>{aacae194-b490-432a-aa2e-6fffa58b24b7}</UniqueIdentifier>
      <Extensions>h;hh;hpp;hxx;hm;inl;inc;xsd</Extensions>
    </Filter>
    <Filter Include="External Libraries\libusb\Source Files">
      <UniqueIdentifier>{7aaa38df-7bdf-4576-9a05-dd50ee10a8b2}</UniqueIdentifier>
      <Extensions>cpp;c;cc;cxx;def;odl;idl;hpj;bat;asm;asmx</Extensions>
    </Filter>
    <Filter Include="External Libraries\libusb\Source Files\os">
      <UniqueIdentifier>{5f832204-7d85-4e26-83cf-fc45833bf513}</UniqueIdentifier>
    </Filter>
    <Filter Include="External Libraries\libusb\Header Files\os">
      <UniqueIdentifier>{782e59d7-42d7-4ba0-9fb8-405ada4c7e57}</UniqueIdentifier>
    </Filter>
    <Filter Include="External Libraries\rtl-sdr">
      <UniqueIdentifier>{60447c8d-d10b-4c79-ac30-45d55fdfd3a0}</UniqueIdentifier>
    </Filter>
    <Filter Include="External Libraries\rtl-sdr\Header Files">
      <UniqueIdentifier>{19f6cf9e-899a-459e-9960-7fddb823192d}</UniqueIdentifier>
      <Extensions>h;hh;hpp;hxx;hm;inl;inc;xsd</Extensions>
    </Filter>
    <Filter Include="External Libraries\rtl-sdr\Source Files">
      <UniqueIdentifier>{98748055-eaa8-490c-bfd9-0a3e3ef969c8}</UniqueIdentifier>
      <Extensions>cpp;c;cc;cxx;def;odl;idl;hpj;bat;asm;asmx</Extensions>
    </Filter>
    <Filter Include="Source Files\fmdsp">
      <UniqueIdentifier>{80025ac2-f586-42d0-b4d2-0cb43c338e2b}</UniqueIdentifier>
    </Filter>
    <Filter Include="Header Files\fmdsp">
      <UniqueIdentifier>{17379ab4-8fe3-4d04-a8e1-d3f3535ac13f}</UniqueIdentifier>
    </Filter>
    <Filter Include="Header Files\compat">
      <UniqueIdentifier>{f9548fb9-c133-4c83-850c-1b366fa2a60c}</UniqueIdentifier>
    </Filter>
    <Filter Include="External Libraries\sqlite">
      <UniqueIdentifier>{29bd4bed-fde7-459e-b947-cc362aba16c4}</UniqueIdentifier>
    </Filter>
    <Filter Include="External Libraries\sqlite\Header Files">
      <UniqueIdentifier>{90a025e2-bacf-4942-89bd-431a24af5d65}</UniqueIdentifier>
      <Extensions>h;hh;hpp;hxx;hm;inl;inc;xsd</Extensions>
    </Filter>
    <Filter Include="External Libraries\sqlite\Source Files">
      <UniqueIdentifier>{aaeb06b2-3a1d-49f0-aeaf-4e5f4dd55457}</UniqueIdentifier>
      <Extensions>cpp;c;cc;cxx;def;odl;idl;hpj;bat;asm;asmx</Extensions>
    </Filter>
  </ItemGroup>
  <ItemGroup>
    <ClInclude Include="stdafx.h">
      <Filter>Header Files</Filter>
    </ClInclude>
    <ClInclude Include="string_exception.h">
      <Filter>Header Files</Filter>
    </ClInclude>
    <ClInclude Include="..\tmp\version\version.h">
      <Filter>Header Files</Filter>
    </ClInclude>
    <ClInclude Include="..\depends\libusb\src\msvc\config.h">
      <Filter>External Libraries\libusb\Header Files</Filter>
    </ClInclude>
    <ClInclude Include="..\depends\libusb\src\libusb\hotplug.h">
      <Filter>External Libraries\libusb\Header Files</Filter>
    </ClInclude>
    <ClInclude Include="..\depends\libusb\src\libusb\libusb.h">
      <Filter>External Libraries\libusb\Header Files</Filter>
    </ClInclude>
    <ClInclude Include="..\depends\libusb\src\libusb\libusbi.h">
      <Filter>External Libraries\libusb\Header Files</Filter>
    </ClInclude>
    <ClInclude Include="..\depends\libusb\src\libusb\version.h">
      <Filter>External Libraries\libusb\Header Files</Filter>
    </ClInclude>
    <ClInclude Include="..\depends\libusb\src\libusb\version_nano.h">
      <Filter>External Libraries\libusb\Header Files</Filter>
    </ClInclude>
    <ClInclude Include="..\depends\libusb\src\libusb\os\poll_windows.h">
      <Filter>External Libraries\libusb\Header Files\os</Filter>
    </ClInclude>
    <ClInclude Include="..\depends\libusb\src\libusb\os\threads_windows.h">
      <Filter>External Libraries\libusb\Header Files\os</Filter>
    </ClInclude>
    <ClInclude Include="..\depends\libusb\src\libusb\os\windows_common.h">
      <Filter>External Libraries\libusb\Header Files\os</Filter>
    </ClInclude>
    <ClInclude Include="..\depends\libusb\src\libusb\os\windows_nt_common.h">
      <Filter>External Libraries\libusb\Header Files\os</Filter>
    </ClInclude>
    <ClInclude Include="..\depends\libusb\src\libusb\os\windows_nt_shared_types.h">
      <Filter>External Libraries\libusb\Header Files\os</Filter>
    </ClInclude>
    <ClInclude Include="..\depends\libusb\src\libusb\os\windows_usbdk.h">
      <Filter>External Libraries\libusb\Header Files\os</Filter>
    </ClInclude>
    <ClInclude Include="..\depends\libusb\src\libusb\os\windows_winusb.h">
      <Filter>External Libraries\libusb\Header Files\os</Filter>
    </ClInclude>
    <ClInclude Include="..\depends\rtl-sdr\include\rtl-sdr.h">
      <Filter>External Libraries\rtl-sdr\Header Files</Filter>
    </ClInclude>
    <ClInclude Include="rtldevice.h">
      <Filter>Header Files</Filter>
    </ClInclude>
    <ClInclude Include="libusb_exception.h">
      <Filter>Header Files</Filter>
    </ClInclude>
    <ClInclude Include="fmstream.h">
      <Filter>Header Files</Filter>
    </ClInclude>
    <ClInclude Include="pvrstream.h">
      <Filter>Header Files</Filter>
    </ClInclude>
    <ClInclude Include="scalar_condition.h">
      <Filter>Header Files</Filter>
    </ClInclude>
    <ClInclude Include="align.h">
      <Filter>Header Files</Filter>
    </ClInclude>
    <ClInclude Include="fmdsp\demodulator.h">
      <Filter>Header Files\fmdsp</Filter>
    </ClInclude>
    <ClInclude Include="fmdsp\fractresampler.h">
      <Filter>Header Files\fmdsp</Filter>
    </ClInclude>
    <ClInclude Include="fmdsp\agc.h">
      <Filter>Header Files\fmdsp</Filter>
    </ClInclude>
    <ClInclude Include="fmdsp\downconvert.h">
      <Filter>Header Files\fmdsp</Filter>
    </ClInclude>
    <ClInclude Include="fmdsp\fastfir.h">
      <Filter>Header Files\fmdsp</Filter>
    </ClInclude>
    <ClInclude Include="fmdsp\smeter.h">
      <Filter>Header Files\fmdsp</Filter>
    </ClInclude>
    <ClInclude Include="fmdsp\datatypes.h">
      <Filter>Header Files\fmdsp</Filter>
    </ClInclude>
    <ClInclude Include="fmdsp\fir.h">
      <Filter>Header Files\fmdsp</Filter>
    </ClInclude>
    <ClInclude Include="fmdsp\fft.h">
      <Filter>Header Files\fmdsp</Filter>
    </ClInclude>
    <ClInclude Include="fmdsp\filtercoef.h">
      <Filter>Header Files\fmdsp</Filter>
    </ClInclude>
    <ClInclude Include="fmdsp\iir.h">
      <Filter>Header Files\fmdsp</Filter>
    </ClInclude>
    <ClInclude Include="fmdsp\datamodifier.h">
      <Filter>Header Files\fmdsp</Filter>
    </ClInclude>
    <ClInclude Include="fmdsp\rbdsconstants.h">
      <Filter>Header Files\fmdsp</Filter>
    </ClInclude>
    <ClInclude Include="fmdsp\wfmdemod.h">
      <Filter>Header Files\fmdsp</Filter>
    </ClInclude>
    <ClInclude Include="rdsdecoder.h">
      <Filter>Header Files</Filter>
    </ClInclude>
    <ClInclude Include="uecp.h">
      <Filter>Header Files</Filter>
    </ClInclude>
    <ClInclude Include="props.h">
      <Filter>Header Files</Filter>
    </ClInclude>
    <ClInclude Include="compat\pthread.h">
      <Filter>Header Files\compat</Filter>
    </ClInclude>
    <ClInclude Include="..\depends\sqlite\sqlite3.h">
      <Filter>External Libraries\sqlite\Header Files</Filter>
    </ClInclude>
    <ClInclude Include="..\depends\sqlite\sqlite3ext.h">
      <Filter>External Libraries\sqlite\Header Files</Filter>
    </ClInclude>
    <ClInclude Include="database.h">
      <Filter>Header Files</Filter>
    </ClInclude>
    <ClInclude Include="dbtypes.h">
      <Filter>Header Files</Filter>
    </ClInclude>
    <ClInclude Include="sqlite_exception.h">
      <Filter>Header Files</Filter>
    </ClInclude>
    <ClInclude Include="usbdevice.h">
      <Filter>Header Files</Filter>
    </ClInclude>
    <ClInclude Include="tcpdevice.h">
      <Filter>Header Files</Filter>
    </ClInclude>
    <ClInclude Include="dialogchanneladd.h">
      <Filter>Header Files</Filter>
    </ClInclude>
    <ClInclude Include="dialogchannelsettings.h">
      <Filter>Header Files</Filter>
    </ClInclude>
    <ClInclude Include="dialogchannelscan.h">
      <Filter>Header Files</Filter>
    </ClInclude>
    <ClInclude Include="scanner.h">
      <Filter>Header Files</Filter>
    </ClInclude>
  </ItemGroup>
  <ItemGroup>
    <ClCompile Include="stdafx.cpp">
      <Filter>Source Files</Filter>
    </ClCompile>
    <ClCompile Include="pvr.cpp">
      <Filter>Source Files</Filter>
    </ClCompile>
    <ClCompile Include="..\depends\libusb\src\libusb\core.c">
      <Filter>External Libraries\libusb\Source Files</Filter>
    </ClCompile>
    <ClCompile Include="..\depends\libusb\src\libusb\descriptor.c">
      <Filter>External Libraries\libusb\Source Files</Filter>
    </ClCompile>
    <ClCompile Include="..\depends\libusb\src\libusb\hotplug.c">
      <Filter>External Libraries\libusb\Source Files</Filter>
    </ClCompile>
    <ClCompile Include="..\depends\libusb\src\libusb\io.c">
      <Filter>External Libraries\libusb\Source Files</Filter>
    </ClCompile>
    <ClCompile Include="..\depends\libusb\src\libusb\strerror.c">
      <Filter>External Libraries\libusb\Source Files</Filter>
    </ClCompile>
    <ClCompile Include="..\depends\libusb\src\libusb\sync.c">
      <Filter>External Libraries\libusb\Source Files</Filter>
    </ClCompile>
    <ClCompile Include="..\depends\libusb\src\libusb\os\poll_windows.c">
      <Filter>External Libraries\libusb\Source Files\os</Filter>
    </ClCompile>
    <ClCompile Include="..\depends\libusb\src\libusb\os\threads_windows.c">
      <Filter>External Libraries\libusb\Source Files\os</Filter>
    </ClCompile>
    <ClCompile Include="..\depends\libusb\src\libusb\os\windows_nt_common.c">
      <Filter>External Libraries\libusb\Source Files\os</Filter>
    </ClCompile>
    <ClCompile Include="..\depends\libusb\src\libusb\os\windows_usbdk.c">
      <Filter>External Libraries\libusb\Source Files\os</Filter>
    </ClCompile>
    <ClCompile Include="..\depends\libusb\src\libusb\os\windows_winusb.c">
      <Filter>External Libraries\libusb\Source Files\os</Filter>
    </ClCompile>
    <ClCompile Include="..\depends\rtl-sdr\src\librtlsdr.c">
      <Filter>External Libraries\rtl-sdr\Source Files</Filter>
    </ClCompile>
    <ClCompile Include="..\depends\rtl-sdr\src\tuner_e4k.c">
      <Filter>External Libraries\rtl-sdr\Source Files</Filter>
    </ClCompile>
    <ClCompile Include="..\depends\rtl-sdr\src\tuner_fc0012.c">
      <Filter>External Libraries\rtl-sdr\Source Files</Filter>
    </ClCompile>
    <ClCompile Include="..\depends\rtl-sdr\src\tuner_fc0013.c">
      <Filter>External Libraries\rtl-sdr\Source Files</Filter>
    </ClCompile>
    <ClCompile Include="..\depends\rtl-sdr\src\tuner_fc2580.c">
      <Filter>External Libraries\rtl-sdr\Source Files</Filter>
    </ClCompile>
    <ClCompile Include="..\depends\rtl-sdr\src\tuner_r82xx.c">
      <Filter>External Libraries\rtl-sdr\Source Files</Filter>
    </ClCompile>
    <ClCompile Include="libusb_exception.cpp">
      <Filter>Source Files</Filter>
    </ClCompile>
    <ClCompile Include="fmstream.cpp">
      <Filter>Source Files</Filter>
    </ClCompile>
    <ClCompile Include="fmdsp\demodulator.cpp">
      <Filter>Source Files\fmdsp</Filter>
    </ClCompile>
    <ClCompile Include="fmdsp\fractresampler.cpp">
      <Filter>Source Files\fmdsp</Filter>
    </ClCompile>
    <ClCompile Include="fmdsp\agc.cpp">
      <Filter>Source Files\fmdsp</Filter>
    </ClCompile>
    <ClCompile Include="fmdsp\datamodifier.cpp">
      <Filter>Source Files\fmdsp</Filter>
    </ClCompile>
    <ClCompile Include="fmdsp\downconvert.cpp">
      <Filter>Source Files\fmdsp</Filter>
    </ClCompile>
    <ClCompile Include="fmdsp\fastfir.cpp">
      <Filter>Source Files\fmdsp</Filter>
    </ClCompile>
    <ClCompile Include="fmdsp\fft.cpp">
      <Filter>Source Files\fmdsp</Filter>
    </ClCompile>
    <ClCompile Include="fmdsp\fir.cpp">
      <Filter>Source Files\fmdsp</Filter>
    </ClCompile>
    <ClCompile Include="fmdsp\iir.cpp">
      <Filter>Source Files\fmdsp</Filter>
    </ClCompile>
    <ClCompile Include="fmdsp\smeter.cpp">
      <Filter>Source Files\fmdsp</Filter>
    </ClCompile>
    <ClCompile Include="fmdsp\wfmdemod.cpp">
      <Filter>Source Files\fmdsp</Filter>
    </ClCompile>
    <ClCompile Include="rdsdecoder.cpp">
      <Filter>Source Files</Filter>
    </ClCompile>
    <ClCompile Include="uecp.cpp">
      <Filter>Source Files</Filter>
    </ClCompile>
    <ClCompile Include="..\depends\sqlite\sqlite3.c">
      <Filter>External Libraries\sqlite\Source Files</Filter>
    </ClCompile>
    <ClCompile Include="database.cpp">
      <Filter>Source Files</Filter>
    </ClCompile>
    <ClCompile Include="sqlite_exception.cpp">
      <Filter>Source Files</Filter>
    </ClCompile>
    <ClCompile Include="usbdevice.cpp">
      <Filter>Source Files</Filter>
    </ClCompile>
    <ClCompile Include="tcpdevice.cpp">
      <Filter>Source Files</Filter>
    </ClCompile>
    <ClCompile Include="dialogchanneladd.cpp">
      <Filter>Source Files</Filter>
    </ClCompile>
    <ClCompile Include="dialogchannelsettings.cpp">
      <Filter>Source Files</Filter>
    </ClCompile>
    <ClCompile Include="dialogchannelscan.cpp">
      <Filter>Source Files</Filter>
    </ClCompile>
    <ClCompile Include="scanner.cpp">
      <Filter>Source Files</Filter>
    </ClCompile>
  </ItemGroup>
  <ItemGroup>
    <ResourceCompile Include="..\tmp\version\version.rc">
      <Filter>Resource Files</Filter>
    </ResourceCompile>
  </ItemGroup>
</Project>